<?xml version="1.0" encoding="UTF-8" standalone="yes" ?>
<CodeBlocks_project_file>
	<FileVersion major="1" minor="6" />
	<Project>
		<Option title="benchMark" />
		<Option pch_mode="2" />
		<Option compiler="gcc" />
		<Build>
			<Target title="Debug">
				<Option output="bin/Debug/benchMark" prefix_auto="1" extension_auto="1" />
				<Option object_output="obj/Debug/" />
				<Option type="1" />
				<Option compiler="gcc" />
				<Compiler>
					<Add option="-std=c++17" />
					<Add option="-g" />
					<Add option="-DBENCHMARK_STATIC_DEFINE" />
					<Add directory="h" />
				</Compiler>
				<Linker>
					<Add option="-lshlwapi" />
					<Add library="libs/libbenchmark.a" />
					<Add library="libs/libbenchmark_main.a" />
					<Add library="C:/Windows/System32/shlwapi.dll" />
				</Linker>
			</Target>
			<Target title="Release">
				<Option output="bin/Release/benchMark" prefix_auto="1" extension_auto="1" />
				<Option object_output="obj/Release/" />
				<Option type="1" />
				<Option compiler="gcc" />
				<Compiler>
					<Add option="-O2" />
				</Compiler>
				<Linker>
					<Add option="-s" />
				</Linker>
			</Target>
		</Build>
		<Compiler>
			<Add option="-Wall" />
			<Add option="-fexceptions" />
		</Compiler>
		<Unit filename="h/benchmark/benchmark.h" />
		<Unit filename="h/benchmark/export.h" />
		<Unit filename="h/test.h" />
		<Unit filename="main.cpp" />
		<Unit filename="src/test.c">
			<Option compilerVar="CC" />
		</Unit>
		<Unit filename="src/test2.cpp" />
		<Extensions>
			<lib_finder disable_auto="1" />
		</Extensions>
	</Project>
</CodeBlocks_project_file>
